
Microsoft Visual Studio Solution File, Format Version 12.00
# Visual Studio 14
VisualStudioVersion = 14.0.24720.0
MinimumVisualStudioVersion = 10.0.40219.1
Project("{FAE04EC0-301F-11D3-BF4B-00C04F79EFBC}") = "Dosnic", "Dosnic\Dosnic.csproj", "{8EEECF3D-2121-4E14-8A7D-99ED6B64A410}"
EndProject
Project("{FAE04EC0-301F-11D3-BF4B-00C04F79EFBC}") = "Dosnic.Tests", "Dosnic.Tests\Dosnic.Tests.csproj", "{2D252A6F-E8AC-4D3C-890E-691D895A8305}"
EndProject
Global
	GlobalSection(SolutionConfigurationPlatforms) = preSolution
		Debug|Any CPU = Debug|Any CPU
		Release|Any CPU = Release|Any CPU
	EndGlobalSection
	GlobalSection(ProjectConfigurationPlatforms) = postSolution
		{8EEECF3D-2121-4E14-8A7D-99ED6B64A410}.Debug|Any CPU.ActiveCfg = Debug|Any CPU
		{8EEECF3D-2121-4E14-8A7D-99ED6B64A410}.Debug|Any CPU.Build.0 = Debug|Any CPU
		{8EEECF3D-2121-4E14-8A7D-99ED6B64A410}.Release|Any CPU.ActiveCfg = Release|Any CPU
		{8EEECF3D-2121-4E14-8A7D-99ED6B64A410}.Release|Any CPU.Build.0 = Release|Any CPU
		{2D252A6F-E8AC-4D3C-890E-691D895A8305}.Debug|Any CPU.ActiveCfg = Debug|Any CPU
		{2D252A6F-E8AC-4D3C-890E-691D895A8305}.Debug|Any CPU.Build.0 = Debug|Any CPU
		{2D252A6F-E8AC-4D3C-890E-691D895A8305}.Release|Any CPU.ActiveCfg = Release|Any CPU
		{2D252A6F-E8AC-4D3C-890E-691D895A8305}.Release|Any CPU.Build.0 = Release|Any CPU
	EndGlobalSection
	GlobalSection(SolutionProperties) = preSolution
		HideSolutionNode = FALSE
	EndGlobalSection
EndGlobal
